{
  "name": "haystack-search",
  "version": "4.4.0",
  "lockfileVersion": 1,
  "requires": true,
  "dependencies": {
    "stemmer": {
      "version": "1.0.3",
      "resolved": "https://registry.npmjs.org/stemmer/-/stemmer-1.0.3.tgz",
      "integrity": "sha512-OHF/1kDQdV/8omIFGk7vCSZOnJ7RAk5nsbm2AVNiUrWpdKSNihQp0OODezjC7cd6ZcSgSaKCDPDjWDty2UQNDg=="
    }
  }
}
